
Microsoft Visual Studio Solution File, Format Version 12.00
# Visual Studio Version 17
VisualStudioVersion = 17.8.34330.188
MinimumVisualStudioVersion = 10.0.40219.1
Project("{FAE04EC0-301F-11D3-BF4B-00C04F79EFBC}") = "Scratchcards", "Scratchcards.csproj", "{5A5D9B42-25D4-4218-B8EF-96A9F49215A6}"
EndProject
Project("{FAE04EC0-301F-11D3-BF4B-00C04F79EFBC}") = "Scratchcards.Tests", "..\Scratchcards.Tests\Scratchcards.Tests.csproj", "{0FA5A23E-C2F4-43BC-98F9-6CA34ED628E2}"
EndProject
Global
	GlobalSection(SolutionConfigurationPlatforms) = preSolution
		Debug|Any CPU = Debug|Any CPU
		Release|Any CPU = Release|Any CPU
	EndGlobalSection
	GlobalSection(ProjectConfigurationPlatforms) = postSolution
		{5A5D9B42-25D4-4218-B8EF-96A9F49215A6}.Debug|Any CPU.ActiveCfg = Debug|Any CPU
		{5A5D9B42-25D4-4218-B8EF-96A9F49215A6}.Debug|Any CPU.Build.0 = Debug|Any CPU
		{5A5D9B42-25D4-4218-B8EF-96A9F49215A6}.Release|Any CPU.ActiveCfg = Release|Any CPU
		{5A5D9B42-25D4-4218-B8EF-96A9F49215A6}.Release|Any CPU.Build.0 = Release|Any CPU
		{0FA5A23E-C2F4-43BC-98F9-6CA34ED628E2}.Debug|Any CPU.ActiveCfg = Debug|Any CPU
		{0FA5A23E-C2F4-43BC-98F9-6CA34ED628E2}.Debug|Any CPU.Build.0 = Debug|Any CPU
		{0FA5A23E-C2F4-43BC-98F9-6CA34ED628E2}.Release|Any CPU.ActiveCfg = Release|Any CPU
		{0FA5A23E-C2F4-43BC-98F9-6CA34ED628E2}.Release|Any CPU.Build.0 = Release|Any CPU
	EndGlobalSection
	GlobalSection(SolutionProperties) = preSolution
		HideSolutionNode = FALSE
	EndGlobalSection
	GlobalSection(ExtensibilityGlobals) = postSolution
		SolutionGuid = {6A91FEC5-21FF-44E7-988A-3BA6072F73AA}
	EndGlobalSection
EndGlobal
